
Microsoft Visual Studio Solution File, Format Version 12.00
# Visual Studio Version 17
VisualStudioVersion = 17.7.34221.43
MinimumVisualStudioVersion = 10.0.40219.1
Project("{FAE04EC0-301F-11D3-BF4B-00C04F79EFBC}") = "programming_1_exercise_3", "programming_1_exercise_3.csproj", "{97DF95F8-BC43-4DE9-B77D-10582F953767}"
EndProject
Global
	GlobalSection(SolutionConfigurationPlatforms) = preSolution
		Debug|Any CPU = Debug|Any CPU
		Release|Any CPU = Release|Any CPU
	EndGlobalSection
	GlobalSection(ProjectConfigurationPlatforms) = postSolution
		{97DF95F8-BC43-4DE9-B77D-10582F953767}.Debug|Any CPU.ActiveCfg = Debug|Any CPU
		{97DF95F8-BC43-4DE9-B77D-10582F953767}.Debug|Any CPU.Build.0 = Debug|Any CPU
		{97DF95F8-BC43-4DE9-B77D-10582F953767}.Release|Any CPU.ActiveCfg = Release|Any CPU
		{97DF95F8-BC43-4DE9-B77D-10582F953767}.Release|Any CPU.Build.0 = Release|Any CPU
	EndGlobalSection
	GlobalSection(SolutionProperties) = preSolution
		HideSolutionNode = FALSE
	EndGlobalSection
	GlobalSection(ExtensibilityGlobals) = postSolution
		SolutionGuid = {4BB17720-6D8A-4D92-8981-C154767A0A5D}
	EndGlobalSection
EndGlobal
